
Microsoft Visual Studio Solution File, Format Version 12.00
# Visual Studio Version 17
VisualStudioVersion = 17.1.32421.90
MinimumVisualStudioVersion = 10.0.40219.1
Project("{9A19103F-16F7-4668-BE54-9A1E7A4F7556}") = "Labyrinth", "Labyrinth\Labyrinth.csproj", "{9BEFA735-E787-44F6-B9E3-84E4F4C1B2B4}"
EndProject
Global
	GlobalSection(SolutionConfigurationPlatforms) = preSolution
		Debug|Any CPU = Debug|Any CPU
		Release|Any CPU = Release|Any CPU
	EndGlobalSection
	GlobalSection(ProjectConfigurationPlatforms) = postSolution
		{9BEFA735-E787-44F6-B9E3-84E4F4C1B2B4}.Debug|Any CPU.ActiveCfg = Debug|Any CPU
		{9BEFA735-E787-44F6-B9E3-84E4F4C1B2B4}.Debug|Any CPU.Build.0 = Debug|Any CPU
		{9BEFA735-E787-44F6-B9E3-84E4F4C1B2B4}.Release|Any CPU.ActiveCfg = Release|Any CPU
		{9BEFA735-E787-44F6-B9E3-84E4F4C1B2B4}.Release|Any CPU.Build.0 = Release|Any CPU
	EndGlobalSection
	GlobalSection(SolutionProperties) = preSolution
		HideSolutionNode = FALSE
	EndGlobalSection
	GlobalSection(ExtensibilityGlobals) = postSolution
		SolutionGuid = {1CC345CD-D9DE-4967-AABD-96E069547913}
	EndGlobalSection
EndGlobal
